// !$*UTF8*$!
{
	archiveVersion = 1;
	classes = {
	};
	objectVersion = 46;
	objects = {

/* Begin PBXBuildFile section */
		03D9EB9D1E4D9F6A00EB7257 /* main.cpp in Sources */ = {isa = PBXBuildFile; fileRef = 03D9EB9C1E4D9F6A00EB7257 /* main.cpp */; };
		03D9EBA51E4D9F7400EB7257 /* GLUT.framework in Frameworks */ = {isa = PBXBuildFile; fileRef = 03D9EBA41E4D9F7400EB7257 /* GLUT.framework */; };
		03D9EBA71E4D9F7900EB7257 /* OpenGL.framework in Frameworks */ = {isa = PBXBuildFile; fileRef = 03D9EBA61E4D9F7900EB7257 /* OpenGL.framework */; };
/* End PBXBuildFile section */

/* Begin PBXCopyFilesBuildPhase section */
		03D9EB971E4D9F6900EB7257 /* CopyFiles */ = {
			isa = PBXCopyFilesBuildPhase;
			buildActionMask = 2147483647;
			dstPath = /usr/share/man/man1/;
			dstSubfolderSpec = 0;
			files = (
			);
			runOnlyForDeploymentPostprocessing = 1;
		};
/* End PBXCopyFilesBuildPhase section */

/* Begin PBXFileReference section */
		03D9EB991E4D9F6A00EB7257 /* Bresenham Line Drawing */ = {isa = PBXFileReference; explicitFileType = "compiled.mach-o.executable"; includeInIndex = 0; path = "Bresenham Line Drawing"; sourceTree = BUILT_PRODUCTS_DIR; };
		03D9EB9C1E4D9F6A00EB7257 /* main.cpp */ = {isa = PBXFileReference; lastKnownFileType = sourcecode.cpp.cpp; path = main.cpp; sourceTree = "<group>"; };
		03D9EBA41E4D9F7400EB7257 /* GLUT.framework */ = {isa = PBXFileReference; lastKnownFileType = wrapper.framework; name = GLUT.framework; path = System/Library/Frameworks/GLUT.framework; sourceTree = SDKROOT; };
		03D9EBA61E4D9F7900EB7257 /* OpenGL.framework */ = {isa = PBXFileReference; lastKnownFileType = wrapper.framework; name = OpenGL.framework; path = System/Library/Frameworks/OpenGL.framework; sourceTree = SDKROOT; };
/* End PBXFileReference section */

/* Begin PBXFrameworksBuildPhase section */
		03D9EB961E4D9F6900EB7257 /* Frameworks */ = {
			isa = PBXFrameworksBuildPhase;
			buildActionMask = 2147483647;
			files = (
				03D9EBA71E4D9F7900EB7257 /* OpenGL.framework in Frameworks */,
				03D9EBA51E4D9F7400EB7257 /* GLUT.framework in Frameworks */,
			);
			runOnlyForDeploymentPostprocessing = 0;
		};
/* End PBXFrameworksBuildPhase section */

/* Begin PBXGroup section */
		03D9EB901E4D9F6900EB7257 = {
			isa = PBXGroup;
			children = (
				03D9EB9B1E4D9F6A00EB7257 /* Bresenham Line Drawing */,
				03D9EB9A1E4D9F6A00EB7257 /* Products */,
				03D9EBA31E4D9F7300EB7257 /* Frameworks */,
			);
			sourceTree = "<group>";
		};
		03D9EB9A1E4D9F6A00EB7257 /* Products */ = {
			isa = PBXGroup;
			children = (
				03D9EB991E4D9F6A00EB7257 /* Bresenham Line Drawing */,
			);
			name = Products;
			sourceTree = "<group>";
		};
		03D9EB9B1E4D9F6A00EB7257 /* Bresenham Line Drawing */ = {
			isa = PBXGroup;
			children = (
				03D9EB9C1E4D9F6A00EB7257 /* main.cpp */,
			);
			path = "Bresenham Line Drawing";
			sourceTree = "<group>";
		};
		03D9EBA31E4D9F7300EB7257 /* Frameworks */ = {
			isa = PBXGroup;
			children = (
				03D9EBA61E4D9F7900EB7257 /* OpenGL.framework */,
				03D9EBA41E4D9F7400EB7257 /* GLUT.framework */,
			);
			name = Frameworks;
			sourceTree = "<group>";
		};
/* End PBXGroup section */

/* Begin PBXNativeTarget section */
		03D9EB981E4D9F6900EB7257 /* Bresenham Line Drawing */ = {
			isa = PBXNativeTarget;
			buildConfigurationList = 03D9EBA01E4D9F6A00EB7257 /* Build configuration list for PBXNativeTarget "Bresenham Line Drawing" */;
			buildPhases = (
				03D9EB951E4D9F6900EB7257 /* Sources */,
				03D9EB961E4D9F6900EB7257 /* Frameworks */,
				03D9EB971E4D9F6900EB7257 /* CopyFiles */,
			);
			buildRules = (
			);
			dependencies = (
			);
			name = "Bresenham Line Drawing";
			productName = "Bresenham Line Drawing";
			productReference = 03D9EB991E4D9F6A00EB7257 /* Bresenham Line Drawing */;
			productType = "com.apple.product-type.tool";
		};
/* End PBXNativeTarget section */

/* Begin PBXProject section */
		03D9EB911E4D9F6900EB7257 /* Project object */ = {
			isa = PBXProject;
			attributes = {
				LastUpgradeCheck = 0820;
				ORGANIZATIONNAME = "Shawon Ashraf";
				TargetAttributes = {
					03D9EB981E4D9F6900EB7257 = {
						CreatedOnToolsVersion = 8.2.1;
						ProvisioningStyle = Automatic;
					};
				};
			};
			buildConfigurationList = 03D9EB941E4D9F6900EB7257 /* Build configuration list for PBXProject "Bresenham Line Drawing" */;
			compatibilityVersion = "Xcode 3.2";
			developmentRegion = English;
			hasScannedForEncodings = 0;
			knownRegions = (
				en,
			);
			mainGroup = 03D9EB901E4D9F6900EB7257;
			productRefGroup = 03D9EB9A1E4D9F6A00EB7257 /* Products */;
			projectDirPath = "";
			projectRoot = "";
			targets = (
				03D9EB981E4D9F6900EB7257 /* Bresenham Line Drawing */,
			);
		};
/* End PBXProject section */

/* Begin PBXSourcesBuildPhase section */
		03D9EB951E4D9F6900EB7257 /* Sources */ = {
			isa = PBXSourcesBuildPhase;
			buildActionMask = 2147483647;
			files = (
				03D9EB9D1E4D9F6A00EB7257 /* main.cpp in Sources */,
			);
			runOnlyForDeploymentPostprocessing = 0;
		};
/* End PBXSourcesBuildPhase section */

/* Begin XCBuildConfiguration section */
		03D9EB9E1E4D9F6A00EB7257 /* Debug */ = {
			isa = XCBuildConfiguration;
			buildSettings = {
				ALWAYS_SEARCH_USER_PATHS = NO;
				CLANG_ANALYZER_NONNULL = YES;
				CLANG_CXX_LANGUAGE_STANDARD = "gnu++0x";
				CLANG_CXX_LIBRARY = "libc++";
				CLANG_ENABLE_MODULES = YES;
				CLANG_ENABLE_OBJC_ARC = YES;
				CLANG_WARN_BOOL_CONVERSION = YES;
				CLANG_WARN_CONSTANT_CONVERSION = YES;
				CLANG_WARN_DIRECT_OBJC_ISA_USAGE = YES_ERROR;
				CLANG_WARN_DOCUMENTATION_COMMENTS = YES;
				CLANG_WARN_EMPTY_BODY = YES;
				CLANG_WARN_ENUM_CONVERSION = YES;
				CLANG_WARN_INFINITE_RECURSION = YES;
				CLANG_WARN_INT_CONVERSION = YES;
				CLANG_WARN_OBJC_ROOT_CLASS = YES_ERROR;
				CLANG_WARN_SUSPICIOUS_MOVE = YES;
				CLANG_WARN_UNREACHABLE_CODE = YES;
				CLANG_WARN__DUPLICATE_METHOD_MATCH = YES;
				CODE_SIGN_IDENTITY = "-";
				COPY_PHASE_STRIP = NO;
				DEBUG_INFORMATION_FORMAT = dwarf;
				ENABLE_STRICT_OBJC_MSGSEND = YES;
				ENABLE_TESTABILITY = YES;
				GCC_C_LANGUAGE_STANDARD = gnu99;
				GCC_DYNAMIC_NO_PIC = NO;
				GCC_NO_COMMON_BLOCKS = YES;
				GCC_OPTIMIZATION_LEVEL = 0;
				GCC_PREPROCESSOR_DEFINITIONS = (
					"DEBUG=1",
					"$(inherited)",
				);
				GCC_WARN_64_TO_32_BIT_CONVERSION = YES;
				GCC_WARN_ABOUT_RETURN_TYPE = YES_ERROR;
				GCC_WARN_UNDECLARED_SELECTOR = YES;
				GCC_WARN_UNINITIALIZED_AUTOS = YES_AGGRESSIVE;
				GCC_WARN_UNUSED_FUNCTION = YES;
				GCC_WARN_UNUSED_VARIABLE = YES;
				MACOSX_DEPLOYMENT_TARGET = 10.12;
				MTL_ENABLE_DEBUG_INFO = YES;
				ONLY_ACTIVE_ARCH = YES;
				SDKROOT = macosx;
			};
			name = Debug;
		};
		03D9EB9F1E4D9F6A00EB7257 /* Release */ = {
			isa = XCBuildConfiguration;
			buildSettings = {
				ALWAYS_SEARCH_USER_PATHS = NO;
				CLANG_ANALYZER_NONNULL = YES;
				CLANG_CXX_LANGUAGE_STANDARD = "gnu++0x";
				CLANG_CXX_LIBRARY = "libc++";
				CLANG_ENABLE_MODULES = YES;
				CLANG_ENABLE_OBJC_ARC = YES;
				CLANG_WARN_BOOL_CONVERSION = YES;
				CLANG_WARN_CONSTANT_CONVERSION = YES;
				CLANG_WARN_DIRECT_OBJC_ISA_USAGE = YES_ERROR;
				CLANG_WARN_DOCUMENTATION_COMMENTS = YES;
				CLANG_WARN_EMPTY_BODY = YES;
				CLANG_WARN_ENUM_CONVERSION = YES;
				CLANG_WARN_INFINITE_RECURSION = YES;
				CLANG_WARN_INT_CONVERSION = YES;
				CLANG_WARN_OBJC_ROOT_CLASS = YES_ERROR;
				CLANG_WARN_SUSPICIOUS_MOVE = YES;
				CLANG_WARN_UNREACHABLE_CODE = YES;
				CLANG_WARN__DUPLICATE_METHOD_MATCH = YES;
				CODE_SIGN_IDENTITY = "-";
				COPY_PHASE_STRIP = NO;
				DEBUG_INFORMATION_FORMAT = "dwarf-with-dsym";
				ENABLE_NS_ASSERTIONS = NO;
				ENABLE_STRICT_OBJC_MSGSEND = YES;
				GCC_C_LANGUAGE_STANDARD = gnu99;
				GCC_NO_COMMON_BLOCKS = YES;
				GCC_WARN_64_TO_32_BIT_CONVERSION = YES;
				GCC_WARN_ABOUT_RETURN_TYPE = YES_ERROR;
				GCC_WARN_UNDECLARED_SELECTOR = YES;
				GCC_WARN_UNINITIALIZED_AUTOS = YES_AGGRESSIVE;
				GCC_WARN_UNUSED_FUNCTION = YES;
				GCC_WARN_UNUSED_VARIABLE = YES;
				MACOSX_DEPLOYMENT_TARGET = 10.12;
				MTL_ENABLE_DEBUG_INFO = NO;
				SDKROOT = macosx;
			};
			name = Release;
		};
		03D9EBA11E4D9F6A00EB7257 /* Debug */ = {
			isa = XCBuildConfiguration;
			buildSettings = {
				PRODUCT_NAME = "$(TARGET_NAME)";
			};
			name = Debug;
		};
		03D9EBA21E4D9F6A00EB7257 /* Release */ = {
			isa = XCBuildConfiguration;
			buildSettings = {
				PRODUCT_NAME = "$(TARGET_NAME)";
			};
			name = Release;
		};
/* End XCBuildConfiguration section */

/* Begin XCConfigurationList section */
		03D9EB941E4D9F6900EB7257 /* Build configuration list for PBXProject "Bresenham Line Drawing" */ = {
			isa = XCConfigurationList;
			buildConfigurations = (
				03D9EB9E1E4D9F6A00EB7257 /* Debug */,
				03D9EB9F1E4D9F6A00EB7257 /* Release */,
			);
			defaultConfigurationIsVisible = 0;
			defaultConfigurationName = Release;
		};
		03D9EBA01E4D9F6A00EB7257 /* Build configuration list for PBXNativeTarget "Bresenham Line Drawing" */ = {
			isa = XCConfigurationList;
			buildConfigurations = (
				03D9EBA11E4D9F6A00EB7257 /* Debug */,
				03D9EBA21E4D9F6A00EB7257 /* Release */,
			);
			defaultConfigurationIsVisible = 0;
		};
/* End XCConfigurationList section */
	};
	rootObject = 03D9EB911E4D9F6900EB7257 /* Project object */;
}
